{
  "originHash" : "c65d2b85a3104925da28b240c17338a7c419c8ac51395fce0cb3b851f3868658",
  "pins" : [
    {
      "identity" : "corestore",
      "kind" : "remoteSourceControl",
      "location" : "https://github.com/JohnEstropia/CoreStore.git",
      "state" : {
        "revision" : "4b6d9a54e75d2c9fd2c3c768f7d4aa3175c09133",
        "version" : "9.2.0"
      }
    },
    {
      "identity" : "defaults",
      "kind" : "remoteSourceControl",
      "location" : "https://github.com/sindresorhus/Defaults",
      "state" : {
        "revision" : "00a7465a0668a87fa159e779b9d80f1f9652357e",
        "version" : "9.0.9"
      }
    },
    {
      "identity" : "swift-syntax",
      "kind" : "remoteSourceControl",
      "location" : "https://github.com/swiftlang/swift-syntax",
      "state" : {
        "revision" : "050f1a346fbbac0ca2cfb15a95274f7bd1cf0ccf",
        "version" : "604.0.0"
      }
    }
  ],
  "version" : 3
}
