{
  "originHash" : "027757141e1728adb2466deef922e12c2f7995c74ca9c9a8a430e951fd50037f",
  "pins" : [
    {
      "identity" : "corestore",
      "kind" : "remoteSourceControl",
      "location" : "https://github.com/JohnEstropia/CoreStore.git",
      "state" : {
        "revision" : "4b6d9a54e75d2c9fd2c3c768f7d4aa3175c09133",
        "version" : "9.2.0"
      }
    }
  ],
  "version" : 3
}
